{
  "version": 4,
  "terraform_version": "1.8.5",
  "serial": 468,
  "lineage": "de0b1648-42a7-ec74-9d8f-4f0239c1245a",
  "outputs": {
    "active_core": {
      "value": "Core 1 is currently active",
      "type": "string"
    },
    "core1_endpoints": {
      "value": {
        "gitlab": "http://localhost:8080",
        "middleware": "http://localhost:5000",
        "ollama": "http://localhost:11434",
        "registry": "http://localhost:5002"
      },
      "type": [
        "object",
        {
          "gitlab": "string",
          "middleware": "string",
          "ollama": "string",
          "registry": "string"
        }
      ]
    },
    "core2_endpoints": {
      "value": {
        "gitlab": "http://localhost:8081",
        "middleware": "http://localhost:5001",
        "ollama": "http://localhost:11435",
        "registry": "http://localhost:5003"
      },
      "type": [
        "object",
        {
          "gitlab": "string",
          "middleware": "string",
          "ollama": "string",
          "registry": "string"
        }
      ]
    },
    "sandbox_endpoints": {
      "value": {
        "feature_runner": "http://feature_runner:5000",
        "sandbox_manager": "http://localhost:5010",
        "test_ollama": "http://test_ollama:11434"
      },
      "type": [
        "object",
        {
          "feature_runner": "string",
          "sandbox_manager": "string",
          "test_ollama": "string"
        }
      ]
    },
    "service_endpoints": {
      "value": {
        "status": "Gotowy do konfiguracji usług"
      },
      "type": [
        "object",
        {
          "status": "string"
        }
      ]
    }
  },
  "resources": [
    {
      "mode": "managed",
      "type": "docker_container",
      "name": "core_switcher",
      "provider": "provider[\"registry.terraform.io/kreuzwerker/docker\"]",
      "instances": [
        {
          "schema_version": 2,
          "attributes": {
            "attach": false,
            "bridge": "",
            "capabilities": [],
            "cgroupns_mode": null,
            "command": [
              "sh",
              "-c",
              "echo \"Active core: 1\" \u003e /shared/active_core \u0026\u0026 sleep 5"
            ],
            "container_logs": null,
            "container_read_refresh_timeout_milliseconds": 15000,
            "cpu_set": "",
            "cpu_shares": 0,
            "destroy_grace_seconds": null,
            "devices": [],
            "dns": null,
            "dns_opts": null,
            "dns_search": null,
            "domainname": "",
            "entrypoint": [],
            "env": [],
            "exit_code": null,
            "gpus": null,
            "group_add": null,
            "healthcheck": null,
            "host": [],
            "hostname": "876ab4ad02c4",
            "id": "876ab4ad02c4bc8fbc5679e1695328a56a9ff945064a9c0aebeeb4d8129d5ecc",
            "image": "sha256:aded1e1a5b3705116fa0a92ba074a5e0b0031647d9c315983ccba2ee5428ec8b",
            "init": false,
            "ipc_mode": "private",
            "labels": [],
            "log_driver": "json-file",
            "log_opts": null,
            "logs": false,
            "max_retry_count": 0,
            "memory": 0,
            "memory_swap": 0,
            "mounts": [],
            "must_run": true,
            "name": "core_switcher",
            "network_data": [
              {
                "gateway": "172.23.0.1",
                "global_ipv6_address": "",
                "global_ipv6_prefix_length": 0,
                "ip_address": "172.23.0.3",
                "ip_prefix_length": 16,
                "ipv6_gateway": "",
                "mac_address": "d2:0f:7d:cb:61:f1",
                "network_name": "core1_network"
              },
              {
                "gateway": "172.22.0.1",
                "global_ipv6_address": "",
                "global_ipv6_prefix_length": 0,
                "ip_address": "172.22.0.2",
                "ip_prefix_length": 16,
                "ipv6_gateway": "",
                "mac_address": "7e:45:30:03:ca:3f",
                "network_name": "core2_network"
              },
              {
                "gateway": "172.21.0.1",
                "global_ipv6_address": "",
                "global_ipv6_prefix_length": 0,
                "ip_address": "172.21.0.9",
                "ip_prefix_length": 16,
                "ipv6_gateway": "",
                "mac_address": "0a:ad:50:b8:6e:a7",
                "network_name": "system_network"
              }
            ],
            "network_mode": "bridge",
            "networks_advanced": [
              {
                "aliases": [],
                "ipv4_address": "",
                "ipv6_address": "",
                "name": "core1_network"
              },
              {
                "aliases": [],
                "ipv4_address": "",
                "ipv6_address": "",
                "name": "core2_network"
              },
              {
                "aliases": [],
                "ipv4_address": "",
                "ipv6_address": "",
                "name": "system_network"
              }
            ],
            "pid_mode": "",
            "ports": [],
            "privileged": false,
            "publish_all_ports": false,
            "read_only": false,
            "remove_volumes": true,
            "restart": "no",
            "rm": false,
            "runtime": "runc",
            "security_opts": [],
            "shm_size": 64,
            "start": true,
            "stdin_open": false,
            "stop_signal": "",
            "stop_timeout": 0,
            "storage_opts": null,
            "sysctls": null,
            "tmpfs": null,
            "tty": false,
            "ulimit": [],
            "upload": [],
            "user": "",
            "userns_mode": "",
            "volumes": [
              {
                "container_path": "/shared",
                "from_container": "",
                "host_path": "",
                "read_only": null,
                "volume_name": "shared_data"
              }
            ],
            "wait": false,
            "wait_timeout": 60,
            "working_dir": "/"
          },
          "sensitive_attributes": [],
          "private": "eyJzY2hlbWFfdmVyc2lvbiI6IjIifQ==",
          "dependencies": [
            "docker_network.core1_network",
            "docker_network.core2_network",
            "docker_network.system_network",
            "docker_volume.shared_data"
          ]
        }
      ]
    },
    {
      "mode": "managed",
      "type": "docker_network",
      "name": "core1_network",
      "provider": "provider[\"registry.terraform.io/kreuzwerker/docker\"]",
      "instances": [
        {
          "schema_version": 1,
          "attributes": {
            "attachable": false,
            "check_duplicate": null,
            "driver": "bridge",
            "id": "57b82c8b892248d1addfdf5e8c9cc161676cba377bfff14faefde4746e6fe636",
            "ingress": false,
            "internal": false,
            "ipam_config": [
              {
                "aux_address": {},
                "gateway": "172.23.0.1",
                "ip_range": "",
                "subnet": "172.23.0.0/16"
              }
            ],
            "ipam_driver": "default",
            "ipam_options": {},
            "ipv6": false,
            "labels": [],
            "name": "core1_network",
            "options": {},
            "scope": "local"
          },
          "sensitive_attributes": [],
          "private": "eyJzY2hlbWFfdmVyc2lvbiI6IjEifQ=="
        }
      ]
    },
    {
      "mode": "managed",
      "type": "docker_network",
      "name": "core2_network",
      "provider": "provider[\"registry.terraform.io/kreuzwerker/docker\"]",
      "instances": [
        {
          "schema_version": 1,
          "attributes": {
            "attachable": false,
            "check_duplicate": null,
            "driver": "bridge",
            "id": "9788d925d2b5d4230f7d6fd197afc47f5e9e2796ccbc42497130b0777818bdc3",
            "ingress": false,
            "internal": false,
            "ipam_config": [
              {
                "aux_address": {},
                "gateway": "172.22.0.1",
                "ip_range": "",
                "subnet": "172.22.0.0/16"
              }
            ],
            "ipam_driver": "default",
            "ipam_options": {},
            "ipv6": false,
            "labels": [],
            "name": "core2_network",
            "options": {},
            "scope": "local"
          },
          "sensitive_attributes": [],
          "private": "eyJzY2hlbWFfdmVyc2lvbiI6IjEifQ=="
        }
      ]
    },
    {
      "mode": "managed",
      "type": "docker_network",
      "name": "sandbox_network",
      "provider": "provider[\"registry.terraform.io/kreuzwerker/docker\"]",
      "instances": [
        {
          "schema_version": 1,
          "attributes": {
            "attachable": false,
            "check_duplicate": null,
            "driver": "bridge",
            "id": "6e3ab6ff2687425031ebe56e8ae979fe661e587a78dd0ce3801bf6b4892c67a4",
            "ingress": false,
            "internal": false,
            "ipam_config": [
              {
                "aux_address": {},
                "gateway": "172.20.0.1",
                "ip_range": "",
                "subnet": "172.20.0.0/16"
              }
            ],
            "ipam_driver": "default",
            "ipam_options": {},
            "ipv6": false,
            "labels": [],
            "name": "sandbox_network",
            "options": {},
            "scope": "local"
          },
          "sensitive_attributes": [],
          "private": "eyJzY2hlbWFfdmVyc2lvbiI6IjEifQ=="
        }
      ]
    },
    {
      "mode": "managed",
      "type": "docker_network",
      "name": "system_network",
      "provider": "provider[\"registry.terraform.io/kreuzwerker/docker\"]",
      "instances": [
        {
          "schema_version": 1,
          "attributes": {
            "attachable": false,
            "check_duplicate": null,
            "driver": "bridge",
            "id": "4214ac9a9ae1b6d637a33bfffd9925381c7d282c7cb6b482e4cb73764d67ebe3",
            "ingress": false,
            "internal": false,
            "ipam_config": [
              {
                "aux_address": {},
                "gateway": "172.21.0.1",
                "ip_range": "",
                "subnet": "172.21.0.0/16"
              }
            ],
            "ipam_driver": "default",
            "ipam_options": {},
            "ipv6": false,
            "labels": [],
            "name": "system_network",
            "options": {},
            "scope": "local"
          },
          "sensitive_attributes": [],
          "private": "eyJzY2hlbWFfdmVyc2lvbiI6IjEifQ=="
        }
      ]
    },
    {
      "mode": "managed",
      "type": "docker_volume",
      "name": "logs",
      "provider": "provider[\"registry.terraform.io/kreuzwerker/docker\"]",
      "instances": [
        {
          "schema_version": 1,
          "attributes": {
            "driver": "local",
            "driver_opts": {},
            "id": "logs",
            "labels": [],
            "mountpoint": "/var/lib/docker/volumes/logs/_data",
            "name": "logs"
          },
          "sensitive_attributes": [],
          "private": "eyJzY2hlbWFfdmVyc2lvbiI6IjEifQ=="
        }
      ]
    },
    {
      "mode": "managed",
      "type": "docker_volume",
      "name": "shared_data",
      "provider": "provider[\"registry.terraform.io/kreuzwerker/docker\"]",
      "instances": [
        {
          "schema_version": 1,
          "attributes": {
            "driver": "local",
            "driver_opts": {},
            "id": "shared_data",
            "labels": [],
            "mountpoint": "/var/lib/docker/volumes/shared_data/_data",
            "name": "shared_data"
          },
          "sensitive_attributes": [],
          "private": "eyJzY2hlbWFfdmVyc2lvbiI6IjEifQ=="
        }
      ]
    },
    {
      "mode": "managed",
      "type": "docker_volume",
      "name": "system_db",
      "provider": "provider[\"registry.terraform.io/kreuzwerker/docker\"]",
      "instances": [
        {
          "schema_version": 1,
          "attributes": {
            "driver": "local",
            "driver_opts": {},
            "id": "system_db",
            "labels": [],
            "mountpoint": "/var/lib/docker/volumes/system_db/_data",
            "name": "system_db"
          },
          "sensitive_attributes": [],
          "private": "eyJzY2hlbWFfdmVyc2lvbiI6IjEifQ=="
        }
      ]
    },
    {
      "module": "module.core1",
      "mode": "managed",
      "type": "docker_container",
      "name": "component_registry",
      "provider": "provider[\"registry.terraform.io/kreuzwerker/docker\"]",
      "instances": [
        {
          "index_key": 0,
          "schema_version": 2,
          "attributes": {
            "attach": false,
            "bridge": "",
            "capabilities": [],
            "cgroupns_mode": null,
            "command": [
              "python",
              "component_registry.py"
            ],
            "container_logs": null,
            "container_read_refresh_timeout_milliseconds": 15000,
            "cpu_set": "",
            "cpu_shares": 0,
            "destroy_grace_seconds": null,
            "devices": [],
            "dns": null,
            "dns_opts": null,
            "dns_search": null,
            "domainname": "",
            "entrypoint": [],
            "env": [
              "CORE_ID=1",
              "DATABASE_URL=postgresql://postgres:postgres@system_db:5432/systemdb",
              "IS_ACTIVE=true"
            ],
            "exit_code": null,
            "gpus": null,
            "group_add": null,
            "healthcheck": null,
            "host": [],
            "hostname": "0cc3d43de49d",
            "id": "0cc3d43de49d43aaece39bd0ee49c6ca659a23b9fbe7d4eefa4229fa700d7f9d",
            "image": "sha256:2518275ca4879c9f0071b629aeb2ca6fc7964b9fe110b15a5ee59c90f03adcc6",
            "init": false,
            "ipc_mode": "private",
            "labels": [],
            "log_driver": "json-file",
            "log_opts": null,
            "logs": false,
            "max_retry_count": 0,
            "memory": 0,
            "memory_swap": 0,
            "mounts": [],
            "must_run": true,
            "name": "component_registry_core1",
            "network_data": [
              {
                "gateway": "172.23.0.1",
                "global_ipv6_address": "",
                "global_ipv6_prefix_length": 0,
                "ip_address": "172.23.0.5",
                "ip_prefix_length": 16,
                "ipv6_gateway": "",
                "mac_address": "4a:f2:d1:02:9b:73",
                "network_name": "core1_network"
              },
              {
                "gateway": "172.21.0.1",
                "global_ipv6_address": "",
                "global_ipv6_prefix_length": 0,
                "ip_address": "172.21.0.4",
                "ip_prefix_length": 16,
                "ipv6_gateway": "",
                "mac_address": "4e:dd:17:92:bf:04",
                "network_name": "system_network"
              }
            ],
            "network_mode": "bridge",
            "networks_advanced": [
              {
                "aliases": [],
                "ipv4_address": "",
                "ipv6_address": "",
                "name": "57b82c8b892248d1addfdf5e8c9cc161676cba377bfff14faefde4746e6fe636"
              },
              {
                "aliases": [],
                "ipv4_address": "",
                "ipv6_address": "",
                "name": "system_network"
              }
            ],
            "pid_mode": "",
            "ports": [
              {
                "external": 5002,
                "internal": 5000,
                "ip": "0.0.0.0",
                "protocol": "tcp"
              }
            ],
            "privileged": false,
            "publish_all_ports": false,
            "read_only": false,
            "remove_volumes": true,
            "restart": "unless-stopped",
            "rm": false,
            "runtime": "runc",
            "security_opts": [],
            "shm_size": 64,
            "start": true,
            "stdin_open": false,
            "stop_signal": "",
            "stop_timeout": 0,
            "storage_opts": null,
            "sysctls": null,
            "tmpfs": null,
            "tty": false,
            "ulimit": [],
            "upload": [],
            "user": "",
            "userns_mode": "",
            "volumes": [
              {
                "container_path": "/shared",
                "from_container": "",
                "host_path": "",
                "read_only": null,
                "volume_name": "shared_data"
              },
              {
                "container_path": "/system_db",
                "from_container": "",
                "host_path": "",
                "read_only": null,
                "volume_name": "system_db"
              }
            ],
            "wait": false,
            "wait_timeout": 60,
            "working_dir": "/app"
          },
          "sensitive_attributes": [],
          "private": "eyJzY2hlbWFfdmVyc2lvbiI6IjIifQ==",
          "dependencies": [
            "docker_network.core1_network",
            "docker_network.system_network",
            "docker_volume.shared_data",
            "docker_volume.system_db"
          ]
        }
      ]
    },
    {
      "module": "module.core1",
      "mode": "managed",
      "type": "docker_container",
      "name": "core_manager",
      "provider": "provider[\"registry.terraform.io/kreuzwerker/docker\"]",
      "instances": [
        {
          "index_key": 0,
          "schema_version": 2,
          "attributes": {
            "attach": false,
            "bridge": "",
            "capabilities": [],
            "cgroupns_mode": null,
            "command": [
              "python",
              "app.py"
            ],
            "container_logs": null,
            "container_read_refresh_timeout_milliseconds": 15000,
            "cpu_set": "",
            "cpu_shares": 0,
            "destroy_grace_seconds": null,
            "devices": [],
            "dns": null,
            "dns_opts": null,
            "dns_search": null,
            "domainname": "",
            "entrypoint": [],
            "env": [
              "CORE_ID=1",
              "GITLAB_URL=http://gitlab_core1",
              "IS_ACTIVE=true",
              "OLLAMA_URL=http://ollama_core1:11434"
            ],
            "exit_code": null,
            "gpus": null,
            "group_add": null,
            "healthcheck": null,
            "host": [],
            "hostname": "0ad2c51918f4",
            "id": "0ad2c51918f48b357b51e7e2cb65af1a013703bded1b0f4992de6b8684a309e2",
            "image": "sha256:3ce5504a139b0d1974eb6993d00580c73a6c4f2e29fb47cef5073020151ea19a",
            "init": false,
            "ipc_mode": "private",
            "labels": [],
            "log_driver": "json-file",
            "log_opts": null,
            "logs": false,
            "max_retry_count": 0,
            "memory": 0,
            "memory_swap": 0,
            "mounts": [],
            "must_run": true,
            "name": "core_manager_1",
            "network_data": [
              {
                "gateway": "172.23.0.1",
                "global_ipv6_address": "",
                "global_ipv6_prefix_length": 0,
                "ip_address": "172.23.0.6",
                "ip_prefix_length": 16,
                "ipv6_gateway": "",
                "mac_address": "62:4c:8b:6e:5e:78",
                "network_name": "core1_network"
              },
              {
                "gateway": "172.21.0.1",
                "global_ipv6_address": "",
                "global_ipv6_prefix_length": 0,
                "ip_address": "172.21.0.5",
                "ip_prefix_length": 16,
                "ipv6_gateway": "",
                "mac_address": "36:d2:8e:85:72:79",
                "network_name": "system_network"
              }
            ],
            "network_mode": "bridge",
            "networks_advanced": [
              {
                "aliases": [],
                "ipv4_address": "",
                "ipv6_address": "",
                "name": "57b82c8b892248d1addfdf5e8c9cc161676cba377bfff14faefde4746e6fe636"
              },
              {
                "aliases": [],
                "ipv4_address": "",
                "ipv6_address": "",
                "name": "system_network"
              }
            ],
            "pid_mode": "",
            "ports": [],
            "privileged": false,
            "publish_all_ports": false,
            "read_only": false,
            "remove_volumes": true,
            "restart": "unless-stopped",
            "rm": false,
            "runtime": "runc",
            "security_opts": [],
            "shm_size": 64,
            "start": true,
            "stdin_open": false,
            "stop_signal": "",
            "stop_timeout": 0,
            "storage_opts": null,
            "sysctls": null,
            "tmpfs": null,
            "tty": false,
            "ulimit": [],
            "upload": [],
            "user": "",
            "userns_mode": "",
            "volumes": [
              {
                "container_path": "/data",
                "from_container": "",
                "host_path": "",
                "read_only": null,
                "volume_name": "core_manager_data_core1"
              },
              {
                "container_path": "/logs",
                "from_container": "",
                "host_path": "",
                "read_only": null,
                "volume_name": "logs"
              },
              {
                "container_path": "/shared",
                "from_container": "",
                "host_path": "",
                "read_only": null,
                "volume_name": "shared_data"
              },
              {
                "container_path": "/system_db",
                "from_container": "",
                "host_path": "",
                "read_only": null,
                "volume_name": "system_db"
              },
              {
                "container_path": "/var/run/docker.sock",
                "from_container": "",
                "host_path": "/var/run/docker.sock",
                "read_only": null,
                "volume_name": ""
              }
            ],
            "wait": false,
            "wait_timeout": 60,
            "working_dir": "/app"
          },
          "sensitive_attributes": [],
          "private": "eyJzY2hlbWFfdmVyc2lvbiI6IjIifQ==",
          "dependencies": [
            "docker_network.core1_network",
            "docker_network.system_network",
            "docker_volume.logs",
            "docker_volume.shared_data",
            "docker_volume.system_db",
            "module.core1.docker_volume.core_manager_data"
          ]
        }
      ]
    },
    {
      "module": "module.core1",
      "mode": "managed",
      "type": "docker_container",
      "name": "gitlab",
      "provider": "provider[\"registry.terraform.io/kreuzwerker/docker\"]",
      "instances": [
        {
          "index_key": 0,
          "schema_version": 2,
          "attributes": {
            "attach": false,
            "bridge": "",
            "capabilities": [],
            "cgroupns_mode": null,
            "command": [
              "/assets/init-container"
            ],
            "container_logs": null,
            "container_read_refresh_timeout_milliseconds": 15000,
            "cpu_set": "",
            "cpu_shares": 0,
            "destroy_grace_seconds": null,
            "devices": [],
            "dns": null,
            "dns_opts": null,
            "dns_search": null,
            "domainname": "",
            "entrypoint": [],
            "env": [
              "GITLAB_OMNIBUS_CONFIG=external_url 'http://gitlab_core1'; gitlab_rails['gitlab_shell_ssh_port'] = 2221;"
            ],
            "exit_code": null,
            "gpus": null,
            "group_add": null,
            "healthcheck": [
              {
                "interval": "1m0s",
                "retries": 5,
                "start_period": "0s",
                "test": [
                  "CMD-SHELL",
                  "/opt/gitlab/bin/gitlab-healthcheck --fail --max-time 10"
                ],
                "timeout": "30s"
              }
            ],
            "host": [],
            "hostname": "07689fdc2ef7",
            "id": "07689fdc2ef74e5b951a8ea443325b8bfd734dc7d403c46e4fbdb45237dae1f7",
            "image": "sha256:3f416ff94400eb95db8849c4e1d592d0228d910fed976a0832fb8caa83c8857d",
            "init": false,
            "ipc_mode": "private",
            "labels": [],
            "log_driver": "json-file",
            "log_opts": null,
            "logs": false,
            "max_retry_count": 0,
            "memory": 0,
            "memory_swap": 0,
            "mounts": [],
            "must_run": true,
            "name": "gitlab_core1",
            "network_data": [
              {
                "gateway": "172.23.0.1",
                "global_ipv6_address": "",
                "global_ipv6_prefix_length": 0,
                "ip_address": "172.23.0.2",
                "ip_prefix_length": 16,
                "ipv6_gateway": "",
                "mac_address": "d6:0c:22:db:b2:88",
                "network_name": "core1_network"
              }
            ],
            "network_mode": "bridge",
            "networks_advanced": [
              {
                "aliases": [],
                "ipv4_address": "",
                "ipv6_address": "",
                "name": "57b82c8b892248d1addfdf5e8c9cc161676cba377bfff14faefde4746e6fe636"
              }
            ],
            "pid_mode": "",
            "ports": [
              {
                "external": 2221,
                "internal": 22,
                "ip": "0.0.0.0",
                "protocol": "tcp"
              },
              {
                "external": 8080,
                "internal": 80,
                "ip": "0.0.0.0",
                "protocol": "tcp"
              }
            ],
            "privileged": false,
            "publish_all_ports": false,
            "read_only": false,
            "remove_volumes": true,
            "restart": "unless-stopped",
            "rm": false,
            "runtime": "runc",
            "security_opts": [],
            "shm_size": 64,
            "start": true,
            "stdin_open": false,
            "stop_signal": "",
            "stop_timeout": 0,
            "storage_opts": null,
            "sysctls": null,
            "tmpfs": null,
            "tty": false,
            "ulimit": [],
            "upload": [],
            "user": "",
            "userns_mode": "",
            "volumes": [
              {
                "container_path": "/etc/gitlab",
                "from_container": "",
                "host_path": "",
                "read_only": null,
                "volume_name": "gitlab_config_core1"
              },
              {
                "container_path": "/var/log/gitlab",
                "from_container": "",
                "host_path": "",
                "read_only": null,
                "volume_name": "gitlab_logs_core1"
              },
              {
                "container_path": "/var/opt/gitlab",
                "from_container": "",
                "host_path": "",
                "read_only": null,
                "volume_name": "gitlab_data_core1"
              }
            ],
            "wait": false,
            "wait_timeout": 60,
            "working_dir": ""
          },
          "sensitive_attributes": [],
          "private": "eyJzY2hlbWFfdmVyc2lvbiI6IjIifQ==",
          "dependencies": [
            "docker_network.core1_network",
            "module.core1.docker_volume.gitlab_config",
            "module.core1.docker_volume.gitlab_data",
            "module.core1.docker_volume.gitlab_logs"
          ]
        }
      ]
    },
    {
      "module": "module.core1",
      "mode": "managed",
      "type": "docker_container",
      "name": "gitlab_runner",
      "provider": "provider[\"registry.terraform.io/kreuzwerker/docker\"]",
      "instances": [
        {
          "index_key": 0,
          "schema_version": 2,
          "attributes": {
            "attach": false,
            "bridge": "",
            "capabilities": [],
            "cgroupns_mode": null,
            "command": [
              "run",
              "--user=gitlab-runner",
              "--working-directory=/home/gitlab-runner"
            ],
            "container_logs": null,
            "container_read_refresh_timeout_milliseconds": 15000,
            "cpu_set": "",
            "cpu_shares": 0,
            "destroy_grace_seconds": null,
            "devices": [],
            "dns": null,
            "dns_opts": null,
            "dns_search": null,
            "domainname": "",
            "entrypoint": [
              "/usr/bin/dumb-init",
              "/entrypoint"
            ],
            "env": [],
            "exit_code": null,
            "gpus": null,
            "group_add": null,
            "healthcheck": null,
            "host": [],
            "hostname": "ada6be2ff905",
            "id": "ada6be2ff9051bc7f6c03e11887d1cbb66a034ec3b917a7e377c446353795e66",
            "image": "sha256:3a14dbc4618d64a9a7fa6e90b531b525865f012b3d31fac13fe0ab0745b45c9e",
            "init": false,
            "ipc_mode": "private",
            "labels": [],
            "log_driver": "json-file",
            "log_opts": null,
            "logs": false,
            "max_retry_count": 0,
            "memory": 0,
            "memory_swap": 0,
            "mounts": [],
            "must_run": true,
            "name": "gitlab_runner_core1",
            "network_data": [
              {
                "gateway": "172.23.0.1",
                "global_ipv6_address": "",
                "global_ipv6_prefix_length": 0,
                "ip_address": "172.23.0.7",
                "ip_prefix_length": 16,
                "ipv6_gateway": "",
                "mac_address": "e6:3f:b2:a5:08:14",
                "network_name": "core1_network"
              }
            ],
            "network_mode": "bridge",
            "networks_advanced": [
              {
                "aliases": [],
                "ipv4_address": "",
                "ipv6_address": "",
                "name": "57b82c8b892248d1addfdf5e8c9cc161676cba377bfff14faefde4746e6fe636"
              }
            ],
            "pid_mode": "",
            "ports": [],
            "privileged": false,
            "publish_all_ports": false,
            "read_only": false,
            "remove_volumes": true,
            "restart": "unless-stopped",
            "rm": false,
            "runtime": "runc",
            "security_opts": [],
            "shm_size": 64,
            "start": true,
            "stdin_open": false,
            "stop_signal": "SIGQUIT",
            "stop_timeout": 0,
            "storage_opts": null,
            "sysctls": null,
            "tmpfs": null,
            "tty": false,
            "ulimit": [],
            "upload": [],
            "user": "",
            "userns_mode": "",
            "volumes": [
              {
                "container_path": "/etc/gitlab-runner",
                "from_container": "",
                "host_path": "",
                "read_only": null,
                "volume_name": "gitlab_runner_config_core1"
              },
              {
                "container_path": "/var/run/docker.sock",
                "from_container": "",
                "host_path": "/var/run/docker.sock",
                "read_only": null,
                "volume_name": ""
              }
            ],
            "wait": false,
            "wait_timeout": 60,
            "working_dir": ""
          },
          "sensitive_attributes": [],
          "private": "eyJzY2hlbWFfdmVyc2lvbiI6IjIifQ==",
          "dependencies": [
            "docker_network.core1_network",
            "module.core1.docker_container.gitlab",
            "module.core1.docker_volume.gitlab_config",
            "module.core1.docker_volume.gitlab_data",
            "module.core1.docker_volume.gitlab_logs"
          ]
        }
      ]
    },
    {
      "module": "module.core1",
      "mode": "managed",
      "type": "docker_container",
      "name": "middleware",
      "provider": "provider[\"registry.terraform.io/kreuzwerker/docker\"]",
      "instances": [
        {
          "index_key": 0,
          "schema_version": 2,
          "attributes": {
            "attach": false,
            "bridge": "",
            "capabilities": [],
            "cgroupns_mode": null,
            "command": [
              "python",
              "middleware_api.py"
            ],
            "container_logs": null,
            "container_read_refresh_timeout_milliseconds": 15000,
            "cpu_set": "",
            "cpu_shares": 0,
            "destroy_grace_seconds": null,
            "devices": [],
            "dns": null,
            "dns_opts": null,
            "dns_search": null,
            "domainname": "",
            "entrypoint": [],
            "env": [
              "CORE_ID=1",
              "DATABASE_URL=postgresql://postgres:postgres@system_db:5432/systemdb",
              "GITLAB_URL=http://gitlab_core1",
              "IS_ACTIVE=true",
              "OLLAMA_URL=http://ollama_core1:11434"
            ],
            "exit_code": null,
            "gpus": null,
            "group_add": null,
            "healthcheck": null,
            "host": [],
            "hostname": "2909ff4e304e",
            "id": "2909ff4e304edc5e7a308c7f3dc10c985d00d703caa6c17d10cb4700571cf227",
            "image": "sha256:c25312a0e71effbd028cb3060d6da3b839c071d3eee7fd772946e581b1690952",
            "init": false,
            "ipc_mode": "private",
            "labels": [],
            "log_driver": "json-file",
            "log_opts": null,
            "logs": false,
            "max_retry_count": 0,
            "memory": 0,
            "memory_swap": 0,
            "mounts": [],
            "must_run": true,
            "name": "middleware_core1",
            "network_data": [
              {
                "gateway": "",
                "global_ipv6_address": "",
                "global_ipv6_prefix_length": 0,
                "ip_address": "",
                "ip_prefix_length": 0,
                "ipv6_gateway": "",
                "mac_address": "",
                "network_name": "core1_network"
              },
              {
                "gateway": "",
                "global_ipv6_address": "",
                "global_ipv6_prefix_length": 0,
                "ip_address": "",
                "ip_prefix_length": 0,
                "ipv6_gateway": "",
                "mac_address": "",
                "network_name": "system_network"
              }
            ],
            "network_mode": "bridge",
            "networks_advanced": [
              {
                "aliases": [],
                "ipv4_address": "",
                "ipv6_address": "",
                "name": "57b82c8b892248d1addfdf5e8c9cc161676cba377bfff14faefde4746e6fe636"
              },
              {
                "aliases": [],
                "ipv4_address": "",
                "ipv6_address": "",
                "name": "system_network"
              }
            ],
            "pid_mode": "",
            "ports": [],
            "privileged": false,
            "publish_all_ports": false,
            "read_only": false,
            "remove_volumes": true,
            "restart": "unless-stopped",
            "rm": false,
            "runtime": "runc",
            "security_opts": [],
            "shm_size": 64,
            "start": true,
            "stdin_open": false,
            "stop_signal": "",
            "stop_timeout": 0,
            "storage_opts": null,
            "sysctls": null,
            "tmpfs": null,
            "tty": false,
            "ulimit": [],
            "upload": [],
            "user": "",
            "userns_mode": "",
            "volumes": [
              {
                "container_path": "/logs",
                "from_container": "",
                "host_path": "",
                "read_only": null,
                "volume_name": "logs"
              },
              {
                "container_path": "/shared",
                "from_container": "",
                "host_path": "",
                "read_only": null,
                "volume_name": "shared_data"
              }
            ],
            "wait": false,
            "wait_timeout": 60,
            "working_dir": "/app"
          },
          "sensitive_attributes": [],
          "private": "eyJzY2hlbWFfdmVyc2lvbiI6IjIifQ==",
          "dependencies": [
            "docker_network.core1_network",
            "docker_network.system_network",
            "docker_volume.logs",
            "docker_volume.shared_data",
            "module.core1.docker_container.ollama",
            "module.core1.docker_volume.ollama_data"
          ]
        }
      ]
    },
    {
      "module": "module.core1",
      "mode": "managed",
      "type": "docker_container",
      "name": "ollama",
      "provider": "provider[\"registry.terraform.io/kreuzwerker/docker\"]",
      "instances": [
        {
          "index_key": 0,
          "schema_version": 2,
          "attributes": {
            "attach": false,
            "bridge": "",
            "capabilities": [],
            "cgroupns_mode": null,
            "command": [
              "serve"
            ],
            "container_logs": null,
            "container_read_refresh_timeout_milliseconds": 15000,
            "cpu_set": "",
            "cpu_shares": 0,
            "destroy_grace_seconds": null,
            "devices": [],
            "dns": null,
            "dns_opts": null,
            "dns_search": null,
            "domainname": "",
            "entrypoint": [
              "/bin/ollama"
            ],
            "env": [
              "OLLAMA_HOST=0.0.0.0"
            ],
            "exit_code": null,
            "gpus": null,
            "group_add": null,
            "healthcheck": null,
            "host": [],
            "hostname": "db493329891e",
            "id": "db493329891e361d4cfd316a44c9a5a30dd1bab7fbb59ac99f882c150b171589",
            "image": "sha256:4faef1fd18da60c615084efaca991f507832954607dcc3c9e702a5c56668bdc8",
            "init": false,
            "ipc_mode": "private",
            "labels": [],
            "log_driver": "json-file",
            "log_opts": null,
            "logs": false,
            "max_retry_count": 0,
            "memory": 0,
            "memory_swap": 0,
            "mounts": [],
            "must_run": true,
            "name": "ollama_core1",
            "network_data": [
              {
                "gateway": "172.23.0.1",
                "global_ipv6_address": "",
                "global_ipv6_prefix_length": 0,
                "ip_address": "172.23.0.4",
                "ip_prefix_length": 16,
                "ipv6_gateway": "",
                "mac_address": "0e:22:96:95:1e:cd",
                "network_name": "core1_network"
              },
              {
                "gateway": "172.21.0.1",
                "global_ipv6_address": "",
                "global_ipv6_prefix_length": 0,
                "ip_address": "172.21.0.11",
                "ip_prefix_length": 16,
                "ipv6_gateway": "",
                "mac_address": "d2:d7:63:41:73:b4",
                "network_name": "system_network"
              }
            ],
            "network_mode": "bridge",
            "networks_advanced": [
              {
                "aliases": [],
                "ipv4_address": "",
                "ipv6_address": "",
                "name": "57b82c8b892248d1addfdf5e8c9cc161676cba377bfff14faefde4746e6fe636"
              },
              {
                "aliases": [],
                "ipv4_address": "",
                "ipv6_address": "",
                "name": "system_network"
              }
            ],
            "pid_mode": "",
            "ports": [
              {
                "external": 11434,
                "internal": 11434,
                "ip": "0.0.0.0",
                "protocol": "tcp"
              }
            ],
            "privileged": false,
            "publish_all_ports": false,
            "read_only": false,
            "remove_volumes": true,
            "restart": "unless-stopped",
            "rm": false,
            "runtime": "runc",
            "security_opts": [],
            "shm_size": 64,
            "start": true,
            "stdin_open": false,
            "stop_signal": "",
            "stop_timeout": 0,
            "storage_opts": null,
            "sysctls": null,
            "tmpfs": null,
            "tty": false,
            "ulimit": [],
            "upload": [],
            "user": "",
            "userns_mode": "",
            "volumes": [
              {
                "container_path": "/root/.ollama",
                "from_container": "",
                "host_path": "",
                "read_only": null,
                "volume_name": "ollama_data_core1"
              }
            ],
            "wait": false,
            "wait_timeout": 60,
            "working_dir": ""
          },
          "sensitive_attributes": [],
          "private": "eyJzY2hlbWFfdmVyc2lvbiI6IjIifQ==",
          "dependencies": [
            "docker_network.core1_network",
            "docker_network.system_network",
            "module.core1.docker_volume.ollama_data"
          ]
        }
      ]
    },
    {
      "module": "module.core1",
      "mode": "managed",
      "type": "docker_volume",
      "name": "core_manager_data",
      "provider": "provider[\"registry.terraform.io/kreuzwerker/docker\"]",
      "instances": [
        {
          "schema_version": 1,
          "attributes": {
            "driver": "local",
            "driver_opts": {},
            "id": "core_manager_data_core1",
            "labels": [],
            "mountpoint": "/var/lib/docker/volumes/core_manager_data_core1/_data",
            "name": "core_manager_data_core1"
          },
          "sensitive_attributes": [],
          "private": "eyJzY2hlbWFfdmVyc2lvbiI6IjEifQ=="
        }
      ]
    },
    {
      "module": "module.core1",
      "mode": "managed",
      "type": "docker_volume",
      "name": "gitlab_config",
      "provider": "provider[\"registry.terraform.io/kreuzwerker/docker\"]",
      "instances": [
        {
          "schema_version": 1,
          "attributes": {
            "driver": "local",
            "driver_opts": {},
            "id": "gitlab_config_core1",
            "labels": [],
            "mountpoint": "/var/lib/docker/volumes/gitlab_config_core1/_data",
            "name": "gitlab_config_core1"
          },
          "sensitive_attributes": [],
          "private": "eyJzY2hlbWFfdmVyc2lvbiI6IjEifQ=="
        }
      ]
    },
    {
      "module": "module.core1",
      "mode": "managed",
      "type": "docker_volume",
      "name": "gitlab_data",
      "provider": "provider[\"registry.terraform.io/kreuzwerker/docker\"]",
      "instances": [
        {
          "schema_version": 1,
          "attributes": {
            "driver": "local",
            "driver_opts": {},
            "id": "gitlab_data_core1",
            "labels": [],
            "mountpoint": "/var/lib/docker/volumes/gitlab_data_core1/_data",
            "name": "gitlab_data_core1"
          },
          "sensitive_attributes": [],
          "private": "eyJzY2hlbWFfdmVyc2lvbiI6IjEifQ=="
        }
      ]
    },
    {
      "module": "module.core1",
      "mode": "managed",
      "type": "docker_volume",
      "name": "gitlab_logs",
      "provider": "provider[\"registry.terraform.io/kreuzwerker/docker\"]",
      "instances": [
        {
          "schema_version": 1,
          "attributes": {
            "driver": "local",
            "driver_opts": {},
            "id": "gitlab_logs_core1",
            "labels": [],
            "mountpoint": "/var/lib/docker/volumes/gitlab_logs_core1/_data",
            "name": "gitlab_logs_core1"
          },
          "sensitive_attributes": [],
          "private": "eyJzY2hlbWFfdmVyc2lvbiI6IjEifQ=="
        }
      ]
    },
    {
      "module": "module.core1",
      "mode": "managed",
      "type": "docker_volume",
      "name": "ollama_data",
      "provider": "provider[\"registry.terraform.io/kreuzwerker/docker\"]",
      "instances": [
        {
          "schema_version": 1,
          "attributes": {
            "driver": "local",
            "driver_opts": {},
            "id": "ollama_data_core1",
            "labels": [],
            "mountpoint": "/var/lib/docker/volumes/ollama_data_core1/_data",
            "name": "ollama_data_core1"
          },
          "sensitive_attributes": [],
          "private": "eyJzY2hlbWFfdmVyc2lvbiI6IjEifQ=="
        }
      ]
    },
    {
      "module": "module.core2",
      "mode": "managed",
      "type": "docker_volume",
      "name": "core_manager_data",
      "provider": "provider[\"registry.terraform.io/kreuzwerker/docker\"]",
      "instances": [
        {
          "schema_version": 1,
          "attributes": {
            "driver": "local",
            "driver_opts": {},
            "id": "core_manager_data_core2",
            "labels": [],
            "mountpoint": "/var/lib/docker/volumes/core_manager_data_core2/_data",
            "name": "core_manager_data_core2"
          },
          "sensitive_attributes": [],
          "private": "eyJzY2hlbWFfdmVyc2lvbiI6IjEifQ=="
        }
      ]
    },
    {
      "module": "module.core2",
      "mode": "managed",
      "type": "docker_volume",
      "name": "gitlab_config",
      "provider": "provider[\"registry.terraform.io/kreuzwerker/docker\"]",
      "instances": [
        {
          "schema_version": 1,
          "attributes": {
            "driver": "local",
            "driver_opts": {},
            "id": "gitlab_config_core2",
            "labels": [],
            "mountpoint": "/var/lib/docker/volumes/gitlab_config_core2/_data",
            "name": "gitlab_config_core2"
          },
          "sensitive_attributes": [],
          "private": "eyJzY2hlbWFfdmVyc2lvbiI6IjEifQ=="
        }
      ]
    },
    {
      "module": "module.core2",
      "mode": "managed",
      "type": "docker_volume",
      "name": "gitlab_data",
      "provider": "provider[\"registry.terraform.io/kreuzwerker/docker\"]",
      "instances": [
        {
          "schema_version": 1,
          "attributes": {
            "driver": "local",
            "driver_opts": {},
            "id": "gitlab_data_core2",
            "labels": [],
            "mountpoint": "/var/lib/docker/volumes/gitlab_data_core2/_data",
            "name": "gitlab_data_core2"
          },
          "sensitive_attributes": [],
          "private": "eyJzY2hlbWFfdmVyc2lvbiI6IjEifQ=="
        }
      ]
    },
    {
      "module": "module.core2",
      "mode": "managed",
      "type": "docker_volume",
      "name": "gitlab_logs",
      "provider": "provider[\"registry.terraform.io/kreuzwerker/docker\"]",
      "instances": [
        {
          "schema_version": 1,
          "attributes": {
            "driver": "local",
            "driver_opts": {},
            "id": "gitlab_logs_core2",
            "labels": [],
            "mountpoint": "/var/lib/docker/volumes/gitlab_logs_core2/_data",
            "name": "gitlab_logs_core2"
          },
          "sensitive_attributes": [],
          "private": "eyJzY2hlbWFfdmVyc2lvbiI6IjEifQ=="
        }
      ]
    },
    {
      "module": "module.core2",
      "mode": "managed",
      "type": "docker_volume",
      "name": "ollama_data",
      "provider": "provider[\"registry.terraform.io/kreuzwerker/docker\"]",
      "instances": [
        {
          "schema_version": 1,
          "attributes": {
            "driver": "local",
            "driver_opts": {},
            "id": "ollama_data_core2",
            "labels": [],
            "mountpoint": "/var/lib/docker/volumes/ollama_data_core2/_data",
            "name": "ollama_data_core2"
          },
          "sensitive_attributes": [],
          "private": "eyJzY2hlbWFfdmVyc2lvbiI6IjEifQ=="
        }
      ]
    },
    {
      "module": "module.database",
      "mode": "managed",
      "type": "docker_container",
      "name": "logger_api",
      "provider": "provider[\"registry.terraform.io/kreuzwerker/docker\"]",
      "instances": [
        {
          "schema_version": 2,
          "attributes": {
            "attach": false,
            "bridge": "",
            "capabilities": [],
            "cgroupns_mode": null,
            "command": [
              "python",
              "logger_api.py"
            ],
            "container_logs": null,
            "container_read_refresh_timeout_milliseconds": 15000,
            "cpu_set": "",
            "cpu_shares": 0,
            "destroy_grace_seconds": null,
            "devices": [],
            "dns": null,
            "dns_opts": null,
            "dns_search": null,
            "domainname": "",
            "entrypoint": [],
            "env": [
              "DATABASE_URL=postgresql://postgres:postgres@system_db:5432/systemdb"
            ],
            "exit_code": null,
            "gpus": null,
            "group_add": null,
            "healthcheck": null,
            "host": [],
            "hostname": "9a64fe590ca1",
            "id": "9a64fe590ca18977a9bfd8fc18ac761b35555272ab5fe84daeb9c9ba118cfdc9",
            "image": "sha256:87ae1ca6c6b9e40805d0fa13b29a3c1c9a10bfafa987e8d0d9b07f8651eaefe9",
            "init": false,
            "ipc_mode": "private",
            "labels": [],
            "log_driver": "json-file",
            "log_opts": null,
            "logs": false,
            "max_retry_count": 0,
            "memory": 0,
            "memory_swap": 0,
            "mounts": [],
            "must_run": true,
            "name": "logger_api",
            "network_data": [
              {
                "gateway": "172.21.0.1",
                "global_ipv6_address": "",
                "global_ipv6_prefix_length": 0,
                "ip_address": "172.21.0.6",
                "ip_prefix_length": 16,
                "ipv6_gateway": "",
                "mac_address": "1a:69:79:c1:6e:6a",
                "network_name": "system_network"
              }
            ],
            "network_mode": "bridge",
            "networks_advanced": [
              {
                "aliases": [],
                "ipv4_address": "",
                "ipv6_address": "",
                "name": "system_network"
              }
            ],
            "pid_mode": "",
            "ports": [
              {
                "external": 5020,
                "internal": 5000,
                "ip": "0.0.0.0",
                "protocol": "tcp"
              }
            ],
            "privileged": false,
            "publish_all_ports": false,
            "read_only": false,
            "remove_volumes": true,
            "restart": "unless-stopped",
            "rm": false,
            "runtime": "runc",
            "security_opts": [],
            "shm_size": 64,
            "start": true,
            "stdin_open": false,
            "stop_signal": "",
            "stop_timeout": 0,
            "storage_opts": null,
            "sysctls": null,
            "tmpfs": null,
            "tty": false,
            "ulimit": [],
            "upload": [],
            "user": "",
            "userns_mode": "",
            "volumes": [
              {
                "container_path": "/system_db",
                "from_container": "",
                "host_path": "",
                "read_only": null,
                "volume_name": "system_db"
              }
            ],
            "wait": false,
            "wait_timeout": 60,
            "working_dir": "/app"
          },
          "sensitive_attributes": [],
          "private": "eyJzY2hlbWFfdmVyc2lvbiI6IjIifQ==",
          "dependencies": [
            "docker_network.system_network",
            "docker_volume.system_db",
            "module.database.docker_container.system_db"
          ]
        }
      ]
    },
    {
      "module": "module.database",
      "mode": "managed",
      "type": "docker_container",
      "name": "system_db",
      "provider": "provider[\"registry.terraform.io/kreuzwerker/docker\"]",
      "instances": [
        {
          "schema_version": 2,
          "attributes": {
            "attach": false,
            "bridge": "",
            "capabilities": [],
            "cgroupns_mode": null,
            "command": [
              "postgres"
            ],
            "container_logs": null,
            "container_read_refresh_timeout_milliseconds": 15000,
            "cpu_set": "",
            "cpu_shares": 0,
            "destroy_grace_seconds": null,
            "devices": [],
            "dns": null,
            "dns_opts": null,
            "dns_search": null,
            "domainname": "",
            "entrypoint": [
              "docker-entrypoint.sh"
            ],
            "env": [
              "POSTGRES_DB=systemdb",
              "POSTGRES_PASSWORD=postgres",
              "POSTGRES_USER=postgres"
            ],
            "exit_code": null,
            "gpus": null,
            "group_add": null,
            "healthcheck": null,
            "host": [],
            "hostname": "0e7557f9b9fb",
            "id": "0e7557f9b9fb1b189e608742112b3eebfaafc16cf5d6ad93e3a6672f452332e4",
            "image": "sha256:e15acbd88eddb72370e90bac0220dedf8501c4b6efc393a1fea9afedd2f3671e",
            "init": false,
            "ipc_mode": "private",
            "labels": [],
            "log_driver": "json-file",
            "log_opts": null,
            "logs": false,
            "max_retry_count": 0,
            "memory": 0,
            "memory_swap": 0,
            "mounts": [],
            "must_run": true,
            "name": "system_db",
            "network_data": [
              {
                "gateway": "172.21.0.1",
                "global_ipv6_address": "",
                "global_ipv6_prefix_length": 0,
                "ip_address": "172.21.0.2",
                "ip_prefix_length": 16,
                "ipv6_gateway": "",
                "mac_address": "a2:9b:6b:af:84:8d",
                "network_name": "system_network"
              }
            ],
            "network_mode": "bridge",
            "networks_advanced": [
              {
                "aliases": [],
                "ipv4_address": "",
                "ipv6_address": "",
                "name": "system_network"
              }
            ],
            "pid_mode": "",
            "ports": [
              {
                "external": 5432,
                "internal": 5432,
                "ip": "0.0.0.0",
                "protocol": "tcp"
              }
            ],
            "privileged": false,
            "publish_all_ports": false,
            "read_only": false,
            "remove_volumes": true,
            "restart": "unless-stopped",
            "rm": false,
            "runtime": "runc",
            "security_opts": [],
            "shm_size": 64,
            "start": true,
            "stdin_open": false,
            "stop_signal": "SIGINT",
            "stop_timeout": 0,
            "storage_opts": null,
            "sysctls": null,
            "tmpfs": null,
            "tty": false,
            "ulimit": [],
            "upload": [],
            "user": "",
            "userns_mode": "",
            "volumes": [
              {
                "container_path": "/var/lib/postgresql/data",
                "from_container": "",
                "host_path": "",
                "read_only": null,
                "volume_name": "system_db"
              }
            ],
            "wait": false,
            "wait_timeout": 60,
            "working_dir": ""
          },
          "sensitive_attributes": [],
          "private": "eyJzY2hlbWFfdmVyc2lvbiI6IjIifQ==",
          "dependencies": [
            "docker_network.system_network",
            "docker_volume.system_db"
          ]
        }
      ]
    },
    {
      "module": "module.database",
      "mode": "managed",
      "type": "docker_container",
      "name": "system_monitor",
      "provider": "provider[\"registry.terraform.io/kreuzwerker/docker\"]",
      "instances": [
        {
          "schema_version": 2,
          "attributes": {
            "attach": false,
            "bridge": "",
            "capabilities": [],
            "cgroupns_mode": null,
            "command": [
              "python",
              "system_monitor.py"
            ],
            "container_logs": null,
            "container_read_refresh_timeout_milliseconds": 15000,
            "cpu_set": "",
            "cpu_shares": 0,
            "destroy_grace_seconds": null,
            "devices": [],
            "dns": null,
            "dns_opts": null,
            "dns_search": null,
            "domainname": "",
            "entrypoint": [],
            "env": [
              "DATABASE_URL=postgresql://postgres:postgres@system_db:5432/systemdb"
            ],
            "exit_code": null,
            "gpus": null,
            "group_add": null,
            "healthcheck": null,
            "host": [],
            "hostname": "b2e4c8fd01a8",
            "id": "b2e4c8fd01a8116bacf3926d66259111383016f90df77b23b7222b26963774c6",
            "image": "sha256:c5b051a12445aca2054163311e3f3b22f3a9289142aa0ae2c9bb68f327df7078",
            "init": false,
            "ipc_mode": "private",
            "labels": [],
            "log_driver": "json-file",
            "log_opts": null,
            "logs": false,
            "max_retry_count": 0,
            "memory": 0,
            "memory_swap": 0,
            "mounts": [],
            "must_run": true,
            "name": "system_monitor",
            "network_data": [
              {
                "gateway": "172.21.0.1",
                "global_ipv6_address": "",
                "global_ipv6_prefix_length": 0,
                "ip_address": "172.21.0.7",
                "ip_prefix_length": 16,
                "ipv6_gateway": "",
                "mac_address": "fa:f4:c1:b4:72:70",
                "network_name": "system_network"
              }
            ],
            "network_mode": "bridge",
            "networks_advanced": [
              {
                "aliases": [],
                "ipv4_address": "",
                "ipv6_address": "",
                "name": "system_network"
              }
            ],
            "pid_mode": "",
            "ports": [
              {
                "external": 5021,
                "internal": 5000,
                "ip": "0.0.0.0",
                "protocol": "tcp"
              }
            ],
            "privileged": false,
            "publish_all_ports": false,
            "read_only": false,
            "remove_volumes": true,
            "restart": "unless-stopped",
            "rm": false,
            "runtime": "runc",
            "security_opts": [],
            "shm_size": 64,
            "start": true,
            "stdin_open": false,
            "stop_signal": "",
            "stop_timeout": 0,
            "storage_opts": null,
            "sysctls": null,
            "tmpfs": null,
            "tty": false,
            "ulimit": [],
            "upload": [],
            "user": "",
            "userns_mode": "",
            "volumes": [
              {
                "container_path": "/system_db",
                "from_container": "",
                "host_path": "",
                "read_only": null,
                "volume_name": "system_db"
              },
              {
                "container_path": "/var/run/docker.sock",
                "from_container": "",
                "host_path": "/var/run/docker.sock",
                "read_only": null,
                "volume_name": ""
              }
            ],
            "wait": false,
            "wait_timeout": 60,
            "working_dir": "/app"
          },
          "sensitive_attributes": [],
          "private": "eyJzY2hlbWFfdmVyc2lvbiI6IjIifQ==",
          "dependencies": [
            "docker_network.system_network",
            "docker_volume.system_db",
            "module.database.docker_container.system_db"
          ]
        }
      ]
    },
    {
      "module": "module.sandbox",
      "mode": "managed",
      "type": "docker_container",
      "name": "feature_runner",
      "provider": "provider[\"registry.terraform.io/kreuzwerker/docker\"]",
      "instances": [
        {
          "schema_version": 2,
          "attributes": {
            "attach": false,
            "bridge": "",
            "capabilities": [],
            "cgroupns_mode": null,
            "command": [
              "python",
              "FeatureRunner.py"
            ],
            "container_logs": null,
            "container_read_refresh_timeout_milliseconds": 15000,
            "cpu_set": "",
            "cpu_shares": 0,
            "destroy_grace_seconds": null,
            "devices": [],
            "dns": null,
            "dns_opts": null,
            "dns_search": null,
            "domainname": "",
            "entrypoint": [],
            "env": [
              "ACTIVE_CORE_ID=1",
              "DATABASE_URL=postgresql://postgres:postgres@system_db:5432/systemdb",
              "SANDBOX_MANAGER_URL=http://sandbox_manager:5000",
              "TEST_OLLAMA_URL=http://test_ollama:11434"
            ],
            "exit_code": null,
            "gpus": null,
            "group_add": null,
            "healthcheck": null,
            "host": [],
            "hostname": "3a2b91f7d5ab",
            "id": "3a2b91f7d5abf3d56481324696a781c212c6f934c0e85aec361f1aae3eb2df2f",
            "image": "sha256:013f360cf23fb6d935b04ab454b082630a863973807e4301eb39ee630053cf6c",
            "init": false,
            "ipc_mode": "private",
            "labels": [],
            "log_driver": "json-file",
            "log_opts": null,
            "logs": false,
            "max_retry_count": 0,
            "memory": 0,
            "memory_swap": 0,
            "mounts": [],
            "must_run": true,
            "name": "feature_runner",
            "network_data": [
              {
                "gateway": "172.20.0.1",
                "global_ipv6_address": "",
                "global_ipv6_prefix_length": 0,
                "ip_address": "172.20.0.4",
                "ip_prefix_length": 16,
                "ipv6_gateway": "",
                "mac_address": "d6:30:1d:99:68:bd",
                "network_name": "sandbox_network"
              },
              {
                "gateway": "172.21.0.1",
                "global_ipv6_address": "",
                "global_ipv6_prefix_length": 0,
                "ip_address": "172.21.0.10",
                "ip_prefix_length": 16,
                "ipv6_gateway": "",
                "mac_address": "62:0d:64:ab:ce:ec",
                "network_name": "system_network"
              }
            ],
            "network_mode": "bridge",
            "networks_advanced": [
              {
                "aliases": [],
                "ipv4_address": "",
                "ipv6_address": "",
                "name": "6e3ab6ff2687425031ebe56e8ae979fe661e587a78dd0ce3801bf6b4892c67a4"
              },
              {
                "aliases": [],
                "ipv4_address": "",
                "ipv6_address": "",
                "name": "system_network"
              }
            ],
            "pid_mode": "",
            "ports": [],
            "privileged": false,
            "publish_all_ports": false,
            "read_only": false,
            "remove_volumes": true,
            "restart": "unless-stopped",
            "rm": false,
            "runtime": "runc",
            "security_opts": [],
            "shm_size": 64,
            "start": true,
            "stdin_open": false,
            "stop_signal": "",
            "stop_timeout": 0,
            "storage_opts": null,
            "sysctls": null,
            "tmpfs": null,
            "tty": false,
            "ulimit": [],
            "upload": [],
            "user": "",
            "userns_mode": "",
            "volumes": [
              {
                "container_path": "/data",
                "from_container": "",
                "host_path": "",
                "read_only": null,
                "volume_name": "sandbox_data"
              },
              {
                "container_path": "/system_db",
                "from_container": "",
                "host_path": "",
                "read_only": null,
                "volume_name": "system_db"
              },
              {
                "container_path": "/var/run/docker.sock",
                "from_container": "",
                "host_path": "/var/run/docker.sock",
                "read_only": null,
                "volume_name": ""
              }
            ],
            "wait": false,
            "wait_timeout": 60,
            "working_dir": "/app"
          },
          "sensitive_attributes": [],
          "private": "eyJzY2hlbWFfdmVyc2lvbiI6IjIifQ==",
          "dependencies": [
            "docker_network.sandbox_network",
            "docker_network.system_network",
            "docker_volume.system_db",
            "module.sandbox.docker_volume.sandbox_data"
          ]
        }
      ]
    },
    {
      "module": "module.sandbox",
      "mode": "managed",
      "type": "docker_container",
      "name": "sandbox_manager",
      "provider": "provider[\"registry.terraform.io/kreuzwerker/docker\"]",
      "instances": [
        {
          "schema_version": 2,
          "attributes": {
            "attach": false,
            "bridge": "",
            "capabilities": [],
            "cgroupns_mode": null,
            "command": [
              "python",
              "sandbox_manager.py"
            ],
            "container_logs": null,
            "container_read_refresh_timeout_milliseconds": 15000,
            "cpu_set": "",
            "cpu_shares": 0,
            "destroy_grace_seconds": null,
            "devices": [],
            "dns": null,
            "dns_opts": null,
            "dns_search": null,
            "domainname": "",
            "entrypoint": [],
            "env": [
              "ACTIVE_CORE_ID=1",
              "DATABASE_URL=postgresql://postgres:postgres@system_db:5432/systemdb",
              "MIDDLEWARE_CORE_URL=http://middleware_core1:5000",
              "OLLAMA_CORE_URL=http://ollama_core1:11434"
            ],
            "exit_code": null,
            "gpus": null,
            "group_add": null,
            "healthcheck": null,
            "host": [],
            "hostname": "53e467360204",
            "id": "53e46736020498bf03020272067b9f33b4a9fac6faccb25dadcc7060934768d6",
            "image": "sha256:01d164a4a997140c8f4705c1251334b7fc8e4b8c6ad7ca491c9a5a108d6e2c46",
            "init": false,
            "ipc_mode": "private",
            "labels": [],
            "log_driver": "json-file",
            "log_opts": null,
            "logs": false,
            "max_retry_count": 0,
            "memory": 0,
            "memory_swap": 0,
            "mounts": [],
            "must_run": true,
            "name": "sandbox_manager",
            "network_data": [
              {
                "gateway": "172.20.0.1",
                "global_ipv6_address": "",
                "global_ipv6_prefix_length": 0,
                "ip_address": "172.20.0.2",
                "ip_prefix_length": 16,
                "ipv6_gateway": "",
                "mac_address": "7e:35:7b:88:59:98",
                "network_name": "sandbox_network"
              },
              {
                "gateway": "172.21.0.1",
                "global_ipv6_address": "",
                "global_ipv6_prefix_length": 0,
                "ip_address": "172.21.0.3",
                "ip_prefix_length": 16,
                "ipv6_gateway": "",
                "mac_address": "06:0b:b9:c0:46:45",
                "network_name": "system_network"
              }
            ],
            "network_mode": "bridge",
            "networks_advanced": [
              {
                "aliases": [],
                "ipv4_address": "",
                "ipv6_address": "",
                "name": "6e3ab6ff2687425031ebe56e8ae979fe661e587a78dd0ce3801bf6b4892c67a4"
              },
              {
                "aliases": [],
                "ipv4_address": "",
                "ipv6_address": "",
                "name": "system_network"
              }
            ],
            "pid_mode": "",
            "ports": [
              {
                "external": 5010,
                "internal": 5000,
                "ip": "0.0.0.0",
                "protocol": "tcp"
              }
            ],
            "privileged": false,
            "publish_all_ports": false,
            "read_only": false,
            "remove_volumes": true,
            "restart": "unless-stopped",
            "rm": false,
            "runtime": "runc",
            "security_opts": [],
            "shm_size": 64,
            "start": true,
            "stdin_open": false,
            "stop_signal": "",
            "stop_timeout": 0,
            "storage_opts": null,
            "sysctls": null,
            "tmpfs": null,
            "tty": false,
            "ulimit": [],
            "upload": [],
            "user": "",
            "userns_mode": "",
            "volumes": [
              {
                "container_path": "/data",
                "from_container": "",
                "host_path": "",
                "read_only": null,
                "volume_name": "sandbox_data"
              },
              {
                "container_path": "/system_db",
                "from_container": "",
                "host_path": "",
                "read_only": null,
                "volume_name": "system_db"
              },
              {
                "container_path": "/var/run/docker.sock",
                "from_container": "",
                "host_path": "/var/run/docker.sock",
                "read_only": null,
                "volume_name": ""
              }
            ],
            "wait": false,
            "wait_timeout": 60,
            "working_dir": "/app"
          },
          "sensitive_attributes": [],
          "private": "eyJzY2hlbWFfdmVyc2lvbiI6IjIifQ==",
          "dependencies": [
            "docker_network.sandbox_network",
            "docker_network.system_network",
            "docker_volume.system_db",
            "module.sandbox.docker_volume.sandbox_data"
          ]
        }
      ]
    },
    {
      "module": "module.sandbox",
      "mode": "managed",
      "type": "docker_container",
      "name": "test_core",
      "provider": "provider[\"registry.terraform.io/kreuzwerker/docker\"]",
      "instances": [
        {
          "schema_version": 2,
          "attributes": {
            "attach": false,
            "bridge": "",
            "capabilities": [],
            "cgroupns_mode": null,
            "command": [
              "python",
              "app.py"
            ],
            "container_logs": null,
            "container_read_refresh_timeout_milliseconds": 15000,
            "cpu_set": "",
            "cpu_shares": 0,
            "destroy_grace_seconds": null,
            "devices": [],
            "dns": null,
            "dns_opts": null,
            "dns_search": null,
            "domainname": "",
            "entrypoint": [],
            "env": [
              "CORE_ID=test",
              "IS_ACTIVE=true",
              "OLLAMA_URL=http://test_ollama:11434",
              "SANDBOX_MODE=true"
            ],
            "exit_code": null,
            "gpus": null,
            "group_add": null,
            "healthcheck": null,
            "host": [],
            "hostname": "80cd40059ff1",
            "id": "80cd40059ff15b4145c489a0a977637e852a2fd2cca96c0c556c64528d4454fe",
            "image": "sha256:3ce5504a139b0d1974eb6993d00580c73a6c4f2e29fb47cef5073020151ea19a",
            "init": false,
            "ipc_mode": "private",
            "labels": [],
            "log_driver": "json-file",
            "log_opts": null,
            "logs": false,
            "max_retry_count": 0,
            "memory": 0,
            "memory_swap": 0,
            "mounts": [],
            "must_run": true,
            "name": "test_core",
            "network_data": [
              {
                "gateway": "172.20.0.1",
                "global_ipv6_address": "",
                "global_ipv6_prefix_length": 0,
                "ip_address": "172.20.0.5",
                "ip_prefix_length": 16,
                "ipv6_gateway": "",
                "mac_address": "8e:07:f4:f7:e6:b9",
                "network_name": "sandbox_network"
              }
            ],
            "network_mode": "bridge",
            "networks_advanced": [
              {
                "aliases": [],
                "ipv4_address": "",
                "ipv6_address": "",
                "name": "6e3ab6ff2687425031ebe56e8ae979fe661e587a78dd0ce3801bf6b4892c67a4"
              }
            ],
            "pid_mode": "",
            "ports": [],
            "privileged": false,
            "publish_all_ports": false,
            "read_only": false,
            "remove_volumes": true,
            "restart": "unless-stopped",
            "rm": false,
            "runtime": "runc",
            "security_opts": [],
            "shm_size": 64,
            "start": true,
            "stdin_open": false,
            "stop_signal": "",
            "stop_timeout": 0,
            "storage_opts": null,
            "sysctls": null,
            "tmpfs": null,
            "tty": false,
            "ulimit": [],
            "upload": [],
            "user": "",
            "userns_mode": "",
            "volumes": [
              {
                "container_path": "/data",
                "from_container": "",
                "host_path": "",
                "read_only": null,
                "volume_name": "sandbox_data"
              },
              {
                "container_path": "/var/run/docker.sock",
                "from_container": "",
                "host_path": "/var/run/docker.sock",
                "read_only": null,
                "volume_name": ""
              }
            ],
            "wait": false,
            "wait_timeout": 60,
            "working_dir": "/app"
          },
          "sensitive_attributes": [],
          "private": "eyJzY2hlbWFfdmVyc2lvbiI6IjIifQ==",
          "dependencies": [
            "docker_network.sandbox_network",
            "module.sandbox.docker_volume.sandbox_data"
          ]
        }
      ]
    },
    {
      "module": "module.sandbox",
      "mode": "managed",
      "type": "docker_container",
      "name": "test_ollama",
      "provider": "provider[\"registry.terraform.io/kreuzwerker/docker\"]",
      "instances": [
        {
          "schema_version": 2,
          "attributes": {
            "attach": false,
            "bridge": "",
            "capabilities": [],
            "cgroupns_mode": null,
            "command": [
              "serve"
            ],
            "container_logs": null,
            "container_read_refresh_timeout_milliseconds": 15000,
            "cpu_set": "",
            "cpu_shares": 0,
            "destroy_grace_seconds": null,
            "devices": [],
            "dns": null,
            "dns_opts": null,
            "dns_search": null,
            "domainname": "",
            "entrypoint": [
              "/bin/ollama"
            ],
            "env": [
              "OLLAMA_HOST=0.0.0.0"
            ],
            "exit_code": null,
            "gpus": null,
            "group_add": null,
            "healthcheck": null,
            "host": [],
            "hostname": "c01f96dd4d52",
            "id": "c01f96dd4d521c6e1cff9ba653f9f660392914ada21374f81827fb6e9ed2d113",
            "image": "sha256:4faef1fd18da60c615084efaca991f507832954607dcc3c9e702a5c56668bdc8",
            "init": false,
            "ipc_mode": "private",
            "labels": [],
            "log_driver": "json-file",
            "log_opts": null,
            "logs": false,
            "max_retry_count": 0,
            "memory": 0,
            "memory_swap": 0,
            "mounts": [],
            "must_run": true,
            "name": "test_ollama",
            "network_data": [
              {
                "gateway": "172.20.0.1",
                "global_ipv6_address": "",
                "global_ipv6_prefix_length": 0,
                "ip_address": "172.20.0.3",
                "ip_prefix_length": 16,
                "ipv6_gateway": "",
                "mac_address": "1a:fd:c5:ac:72:71",
                "network_name": "sandbox_network"
              }
            ],
            "network_mode": "bridge",
            "networks_advanced": [
              {
                "aliases": [],
                "ipv4_address": "",
                "ipv6_address": "",
                "name": "6e3ab6ff2687425031ebe56e8ae979fe661e587a78dd0ce3801bf6b4892c67a4"
              }
            ],
            "pid_mode": "",
            "ports": [],
            "privileged": false,
            "publish_all_ports": false,
            "read_only": false,
            "remove_volumes": true,
            "restart": "unless-stopped",
            "rm": false,
            "runtime": "runc",
            "security_opts": [],
            "shm_size": 64,
            "start": true,
            "stdin_open": false,
            "stop_signal": "",
            "stop_timeout": 0,
            "storage_opts": null,
            "sysctls": null,
            "tmpfs": null,
            "tty": false,
            "ulimit": [],
            "upload": [],
            "user": "",
            "userns_mode": "",
            "volumes": [
              {
                "container_path": "/root/.ollama",
                "from_container": "",
                "host_path": "",
                "read_only": null,
                "volume_name": "sandbox_ollama"
              }
            ],
            "wait": false,
            "wait_timeout": 60,
            "working_dir": ""
          },
          "sensitive_attributes": [],
          "private": "eyJzY2hlbWFfdmVyc2lvbiI6IjIifQ==",
          "dependencies": [
            "docker_network.sandbox_network",
            "module.sandbox.docker_volume.sandbox_ollama"
          ]
        }
      ]
    },
    {
      "module": "module.sandbox",
      "mode": "managed",
      "type": "docker_volume",
      "name": "sandbox_data",
      "provider": "provider[\"registry.terraform.io/kreuzwerker/docker\"]",
      "instances": [
        {
          "schema_version": 1,
          "attributes": {
            "driver": "local",
            "driver_opts": {},
            "id": "sandbox_data",
            "labels": [],
            "mountpoint": "/var/lib/docker/volumes/sandbox_data/_data",
            "name": "sandbox_data"
          },
          "sensitive_attributes": [],
          "private": "eyJzY2hlbWFfdmVyc2lvbiI6IjEifQ=="
        }
      ]
    },
    {
      "module": "module.sandbox",
      "mode": "managed",
      "type": "docker_volume",
      "name": "sandbox_ollama",
      "provider": "provider[\"registry.terraform.io/kreuzwerker/docker\"]",
      "instances": [
        {
          "schema_version": 1,
          "attributes": {
            "driver": "local",
            "driver_opts": {},
            "id": "sandbox_ollama",
            "labels": [],
            "mountpoint": "/var/lib/docker/volumes/sandbox_ollama/_data",
            "name": "sandbox_ollama"
          },
          "sensitive_attributes": [],
          "private": "eyJzY2hlbWFfdmVyc2lvbiI6IjEifQ=="
        }
      ]
    }
  ],
  "check_results": [
    {
      "object_kind": "var",
      "config_addr": "var.active_core_id",
      "status": "pass",
      "objects": [
        {
          "object_addr": "var.active_core_id",
          "status": "pass"
        }
      ]
    }
  ]
}
